
Microsoft Visual Studio Solution File, Format Version 12.00
# Visual Studio 15
VisualStudioVersion = 15.0.27428.2037
MinimumVisualStudioVersion = 10.0.40219.1
Project("{FAE04EC0-301F-11D3-BF4B-00C04F79EFBC}") = "ImageToHTMLTable", "ImageToHTMLTable\ImageToHTMLTable.csproj", "{120046A7-3F4E-4D0D-970E-45A422C1C27D}"
EndProject
Global
	GlobalSection(SolutionConfigurationPlatforms) = preSolution
		Debug|Any CPU = Debug|Any CPU
		Release|Any CPU = Release|Any CPU
	EndGlobalSection
	GlobalSection(ProjectConfigurationPlatforms) = postSolution
		{120046A7-3F4E-4D0D-970E-45A422C1C27D}.Debug|Any CPU.ActiveCfg = Debug|Any CPU
		{120046A7-3F4E-4D0D-970E-45A422C1C27D}.Debug|Any CPU.Build.0 = Debug|Any CPU
		{120046A7-3F4E-4D0D-970E-45A422C1C27D}.Release|Any CPU.ActiveCfg = Release|Any CPU
		{120046A7-3F4E-4D0D-970E-45A422C1C27D}.Release|Any CPU.Build.0 = Release|Any CPU
	EndGlobalSection
	GlobalSection(SolutionProperties) = preSolution
		HideSolutionNode = FALSE
	EndGlobalSection
	GlobalSection(ExtensibilityGlobals) = postSolution
		SolutionGuid = {176078A0-6807-4730-A9AF-1807A768A87E}
	EndGlobalSection
EndGlobal
